// !$*UTF8*$!
{
	archiveVersion = 1;
	classes = {
	};
	objectVersion = 50;
	objects = {

/* Begin PBXBuildFile section */
		FA47C5F0245C7E6500399305 /* AppDelegate.swift in Sources */ = {isa = PBXBuildFile; fileRef = FA47C5EF245C7E6500399305 /* AppDelegate.swift */; };
		FA47C5F7245C7E6500399305 /* Main.storyboard in Resources */ = {isa = PBXBuildFile; fileRef = FA47C5F5245C7E6500399305 /* Main.storyboard */; };
		FA47C5F9245C7E6600399305 /* Assets.xcassets in Resources */ = {isa = PBXBuildFile; fileRef = FA47C5F8245C7E6600399305 /* Assets.xcassets */; };
		FA47C5FC245C7E6600399305 /* LaunchScreen.storyboard in Resources */ = {isa = PBXBuildFile; fileRef = FA47C5FA245C7E6600399305 /* LaunchScreen.storyboard */; };
		FA47C604245C800200399305 /* WeatherData.swift in Sources */ = {isa = PBXBuildFile; fileRef = FA47C603245C800200399305 /* WeatherData.swift */; };
		FA47C606245C809900399305 /* URLHelper.swift in Sources */ = {isa = PBXBuildFile; fileRef = FA47C605245C809900399305 /* URLHelper.swift */; };
		FA47C608245C815D00399305 /* WeatherController.swift in Sources */ = {isa = PBXBuildFile; fileRef = FA47C607245C815D00399305 /* WeatherController.swift */; };
		FA47C60A245C851900399305 /* WeatherTableViewController.swift in Sources */ = {isa = PBXBuildFile; fileRef = FA47C609245C851900399305 /* WeatherTableViewController.swift */; };
/* End PBXBuildFile section */

/* Begin PBXFileReference section */
		FA47C5EC245C7E6500399305 /* WeatherRequest.app */ = {isa = PBXFileReference; explicitFileType = wrapper.application; includeInIndex = 0; path = WeatherRequest.app; sourceTree = BUILT_PRODUCTS_DIR; };
		FA47C5EF245C7E6500399305 /* AppDelegate.swift */ = {isa = PBXFileReference; lastKnownFileType = sourcecode.swift; path = AppDelegate.swift; sourceTree = "<group>"; };
		FA47C5F6245C7E6500399305 /* Base */ = {isa = PBXFileReference; lastKnownFileType = file.storyboard; name = Base; path = Base.lproj/Main.storyboard; sourceTree = "<group>"; };
		FA47C5F8245C7E6600399305 /* Assets.xcassets */ = {isa = PBXFileReference; lastKnownFileType = folder.assetcatalog; path = Assets.xcassets; sourceTree = "<group>"; };
		FA47C5FB245C7E6600399305 /* Base */ = {isa = PBXFileReference; lastKnownFileType = file.storyboard; name = Base; path = Base.lproj/LaunchScreen.storyboard; sourceTree = "<group>"; };
		FA47C5FD245C7E6600399305 /* Info.plist */ = {isa = PBXFileReference; lastKnownFileType = text.plist.xml; path = Info.plist; sourceTree = "<group>"; };
		FA47C603245C800200399305 /* WeatherData.swift */ = {isa = PBXFileReference; lastKnownFileType = sourcecode.swift; path = WeatherData.swift; sourceTree = "<group>"; };
		FA47C605245C809900399305 /* URLHelper.swift */ = {isa = PBXFileReference; lastKnownFileType = sourcecode.swift; path = URLHelper.swift; sourceTree = "<group>"; };
		FA47C607245C815D00399305 /* WeatherController.swift */ = {isa = PBXFileReference; lastKnownFileType = sourcecode.swift; path = WeatherController.swift; sourceTree = "<group>"; };
		FA47C609245C851900399305 /* WeatherTableViewController.swift */ = {isa = PBXFileReference; lastKnownFileType = sourcecode.swift; path = WeatherTableViewController.swift; sourceTree = "<group>"; };
/* End PBXFileReference section */

/* Begin PBXFrameworksBuildPhase section */
		FA47C5E9245C7E6500399305 /* Frameworks */ = {
			isa = PBXFrameworksBuildPhase;
			buildActionMask = 2147483647;
			files = (
			);
			runOnlyForDeploymentPostprocessing = 0;
		};
/* End PBXFrameworksBuildPhase section */

/* Begin PBXGroup section */
		FA47C5E3245C7E6500399305 = {
			isa = PBXGroup;
			children = (
				FA47C5EE245C7E6500399305 /* WeatherRequest */,
				FA47C5ED245C7E6500399305 /* Products */,
			);
			sourceTree = "<group>";
		};
		FA47C5ED245C7E6500399305 /* Products */ = {
			isa = PBXGroup;
			children = (
				FA47C5EC245C7E6500399305 /* WeatherRequest.app */,
			);
			name = Products;
			sourceTree = "<group>";
		};
		FA47C5EE245C7E6500399305 /* WeatherRequest */ = {
			isa = PBXGroup;
			children = (
				FA47C5EF245C7E6500399305 /* AppDelegate.swift */,
				FA47C609245C851900399305 /* WeatherTableViewController.swift */,
				FA47C603245C800200399305 /* WeatherData.swift */,
				FA47C605245C809900399305 /* URLHelper.swift */,
				FA47C607245C815D00399305 /* WeatherController.swift */,
				FA47C5F5245C7E6500399305 /* Main.storyboard */,
				FA47C5F8245C7E6600399305 /* Assets.xcassets */,
				FA47C5FA245C7E6600399305 /* LaunchScreen.storyboard */,
				FA47C5FD245C7E6600399305 /* Info.plist */,
			);
			path = WeatherRequest;
			sourceTree = "<group>";
		};
/* End PBXGroup section */

/* Begin PBXNativeTarget section */
		FA47C5EB245C7E6500399305 /* WeatherRequest */ = {
			isa = PBXNativeTarget;
			buildConfigurationList = FA47C600245C7E6600399305 /* Build configuration list for PBXNativeTarget "WeatherRequest" */;
			buildPhases = (
				FA47C5E8245C7E6500399305 /* Sources */,
				FA47C5E9245C7E6500399305 /* Frameworks */,
				FA47C5EA245C7E6500399305 /* Resources */,
			);
			buildRules = (
			);
			dependencies = (
			);
			name = WeatherRequest;
			productName = WeatherRequest;
			productReference = FA47C5EC245C7E6500399305 /* WeatherRequest.app */;
			productType = "com.apple.product-type.application";
		};
/* End PBXNativeTarget section */

/* Begin PBXProject section */
		FA47C5E4245C7E6500399305 /* Project object */ = {
			isa = PBXProject;
			attributes = {
				LastSwiftUpdateCheck = 1140;
				LastUpgradeCheck = 1140;
				ORGANIZATIONNAME = "Alex McCall";
				TargetAttributes = {
					FA47C5EB245C7E6500399305 = {
						CreatedOnToolsVersion = 11.4;
					};
				};
			};
			buildConfigurationList = FA47C5E7245C7E6500399305 /* Build configuration list for PBXProject "WeatherRequest" */;
			compatibilityVersion = "Xcode 9.3";
			developmentRegion = en;
			hasScannedForEncodings = 0;
			knownRegions = (
				en,
				Base,
			);
			mainGroup = FA47C5E3245C7E6500399305;
			productRefGroup = FA47C5ED245C7E6500399305 /* Products */;
			projectDirPath = "";
			projectRoot = "";
			targets = (
				FA47C5EB245C7E6500399305 /* WeatherRequest */,
			);
		};
/* End PBXProject section */

/* Begin PBXResourcesBuildPhase section */
		FA47C5EA245C7E6500399305 /* Resources */ = {
			isa = PBXResourcesBuildPhase;
			buildActionMask = 2147483647;
			files = (
				FA47C5FC245C7E6600399305 /* LaunchScreen.storyboard in Resources */,
				FA47C5F9245C7E6600399305 /* Assets.xcassets in Resources */,
				FA47C5F7245C7E6500399305 /* Main.storyboard in Resources */,
			);
			runOnlyForDeploymentPostprocessing = 0;
		};
/* End PBXResourcesBuildPhase section */

/* Begin PBXSourcesBuildPhase section */
		FA47C5E8245C7E6500399305 /* Sources */ = {
			isa = PBXSourcesBuildPhase;
			buildActionMask = 2147483647;
			files = (
				FA47C5F0245C7E6500399305 /* AppDelegate.swift in Sources */,
				FA47C606245C809900399305 /* URLHelper.swift in Sources */,
				FA47C604245C800200399305 /* WeatherData.swift in Sources */,
				FA47C60A245C851900399305 /* WeatherTableViewController.swift in Sources */,
				FA47C608245C815D00399305 /* WeatherController.swift in Sources */,
			);
			runOnlyForDeploymentPostprocessing = 0;
		};
/* End PBXSourcesBuildPhase section */

/* Begin PBXVariantGroup section */
		FA47C5F5245C7E6500399305 /* Main.storyboard */ = {
			isa = PBXVariantGroup;
			children = (
				FA47C5F6245C7E6500399305 /* Base */,
			);
			name = Main.storyboard;
			sourceTree = "<group>";
		};
		FA47C5FA245C7E6600399305 /* LaunchScreen.storyboard */ = {
			isa = PBXVariantGroup;
			children = (
				FA47C5FB245C7E6600399305 /* Base */,
			);
			name = LaunchScreen.storyboard;
			sourceTree = "<group>";
		};
/* End PBXVariantGroup section */

/* Begin XCBuildConfiguration section */
		FA47C5FE245C7E6600399305 /* Debug */ = {
			isa = XCBuildConfiguration;
			buildSettings = {
				ALWAYS_SEARCH_USER_PATHS = NO;
				CLANG_ANALYZER_NONNULL = YES;
				CLANG_ANALYZER_NUMBER_OBJECT_CONVERSION = YES_AGGRESSIVE;
				CLANG_CXX_LANGUAGE_STANDARD = "gnu++14";
				CLANG_CXX_LIBRARY = "libc++";
				CLANG_ENABLE_MODULES = YES;
				CLANG_ENABLE_OBJC_ARC = YES;
				CLANG_ENABLE_OBJC_WEAK = YES;
				CLANG_WARN_BLOCK_CAPTURE_AUTORELEASING = YES;
				CLANG_WARN_BOOL_CONVERSION = YES;
				CLANG_WARN_COMMA = YES;
				CLANG_WARN_CONSTANT_CONVERSION = YES;
				CLANG_WARN_DEPRECATED_OBJC_IMPLEMENTATIONS = YES;
				CLANG_WARN_DIRECT_OBJC_ISA_USAGE = YES_ERROR;
				CLANG_WARN_DOCUMENTATION_COMMENTS = YES;
				CLANG_WARN_EMPTY_BODY = YES;
				CLANG_WARN_ENUM_CONVERSION = YES;
				CLANG_WARN_INFINITE_RECURSION = YES;
				CLANG_WARN_INT_CONVERSION = YES;
				CLANG_WARN_NON_LITERAL_NULL_CONVERSION = YES;
				CLANG_WARN_OBJC_IMPLICIT_RETAIN_SELF = YES;
				CLANG_WARN_OBJC_LITERAL_CONVERSION = YES;
				CLANG_WARN_OBJC_ROOT_CLASS = YES_ERROR;
				CLANG_WARN_RANGE_LOOP_ANALYSIS = YES;
				CLANG_WARN_STRICT_PROTOTYPES = YES;
				CLANG_WARN_SUSPICIOUS_MOVE = YES;
				CLANG_WARN_UNGUARDED_AVAILABILITY = YES_AGGRESSIVE;
				CLANG_WARN_UNREACHABLE_CODE = YES;
				CLANG_WARN__DUPLICATE_METHOD_MATCH = YES;
				COPY_PHASE_STRIP = NO;
				DEBUG_INFORMATION_FORMAT = dwarf;
				ENABLE_STRICT_OBJC_MSGSEND = YES;
				ENABLE_TESTABILITY = YES;
				GCC_C_LANGUAGE_STANDARD = gnu11;
				GCC_DYNAMIC_NO_PIC = NO;
				GCC_NO_COMMON_BLOCKS = YES;
				GCC_OPTIMIZATION_LEVEL = 0;
				GCC_PREPROCESSOR_DEFINITIONS = (
					"DEBUG=1",
					"$(inherited)",
				);
				GCC_WARN_64_TO_32_BIT_CONVERSION = YES;
				GCC_WARN_ABOUT_RETURN_TYPE = YES_ERROR;
				GCC_WARN_UNDECLARED_SELECTOR = YES;
				GCC_WARN_UNINITIALIZED_AUTOS = YES_AGGRESSIVE;
				GCC_WARN_UNUSED_FUNCTION = YES;
				GCC_WARN_UNUSED_VARIABLE = YES;
				IPHONEOS_DEPLOYMENT_TARGET = 13.4;
				MTL_ENABLE_DEBUG_INFO = INCLUDE_SOURCE;
				MTL_FAST_MATH = YES;
				ONLY_ACTIVE_ARCH = YES;
				SDKROOT = iphoneos;
				SWIFT_ACTIVE_COMPILATION_CONDITIONS = DEBUG;
				SWIFT_OPTIMIZATION_LEVEL = "-Onone";
			};
			name = Debug;
		};
		FA47C5FF245C7E6600399305 /* Release */ = {
			isa = XCBuildConfiguration;
			buildSettings = {
				ALWAYS_SEARCH_USER_PATHS = NO;
				CLANG_ANALYZER_NONNULL = YES;
				CLANG_ANALYZER_NUMBER_OBJECT_CONVERSION = YES_AGGRESSIVE;
				CLANG_CXX_LANGUAGE_STANDARD = "gnu++14";
				CLANG_CXX_LIBRARY = "libc++";
				CLANG_ENABLE_MODULES = YES;
				CLANG_ENABLE_OBJC_ARC = YES;
				CLANG_ENABLE_OBJC_WEAK = YES;
				CLANG_WARN_BLOCK_CAPTURE_AUTORELEASING = YES;
				CLANG_WARN_BOOL_CONVERSION = YES;
				CLANG_WARN_COMMA = YES;
				CLANG_WARN_CONSTANT_CONVERSION = YES;
				CLANG_WARN_DEPRECATED_OBJC_IMPLEMENTATIONS = YES;
				CLANG_WARN_DIRECT_OBJC_ISA_USAGE = YES_ERROR;
				CLANG_WARN_DOCUMENTATION_COMMENTS = YES;
				CLANG_WARN_EMPTY_BODY = YES;
				CLANG_WARN_ENUM_CONVERSION = YES;
				CLANG_WARN_INFINITE_RECURSION = YES;
				CLANG_WARN_INT_CONVERSION = YES;
				CLANG_WARN_NON_LITERAL_NULL_CONVERSION = YES;
				CLANG_WARN_OBJC_IMPLICIT_RETAIN_SELF = YES;
				CLANG_WARN_OBJC_LITERAL_CONVERSION = YES;
				CLANG_WARN_OBJC_ROOT_CLASS = YES_ERROR;
				CLANG_WARN_RANGE_LOOP_ANALYSIS = YES;
				CLANG_WARN_STRICT_PROTOTYPES = YES;
				CLANG_WARN_SUSPICIOUS_MOVE = YES;
				CLANG_WARN_UNGUARDED_AVAILABILITY = YES_AGGRESSIVE;
				CLANG_WARN_UNREACHABLE_CODE = YES;
				CLANG_WARN__DUPLICATE_METHOD_MATCH = YES;
				COPY_PHASE_STRIP = NO;
				DEBUG_INFORMATION_FORMAT = "dwarf-with-dsym";
				ENABLE_NS_ASSERTIONS = NO;
				ENABLE_STRICT_OBJC_MSGSEND = YES;
				GCC_C_LANGUAGE_STANDARD = gnu11;
				GCC_NO_COMMON_BLOCKS = YES;
				GCC_WARN_64_TO_32_BIT_CONVERSION = YES;
				GCC_WARN_ABOUT_RETURN_TYPE = YES_ERROR;
				GCC_WARN_UNDECLARED_SELECTOR = YES;
				GCC_WARN_UNINITIALIZED_AUTOS = YES_AGGRESSIVE;
				GCC_WARN_UNUSED_FUNCTION = YES;
				GCC_WARN_UNUSED_VARIABLE = YES;
				IPHONEOS_DEPLOYMENT_TARGET = 13.4;
				MTL_ENABLE_DEBUG_INFO = NO;
				MTL_FAST_MATH = YES;
				SDKROOT = iphoneos;
				SWIFT_COMPILATION_MODE = wholemodule;
				SWIFT_OPTIMIZATION_LEVEL = "-O";
				VALIDATE_PRODUCT = YES;
			};
			name = Release;
		};
		FA47C601245C7E6600399305 /* Debug */ = {
			isa = XCBuildConfiguration;
			buildSettings = {
				ASSETCATALOG_COMPILER_APPICON_NAME = AppIcon;
				CODE_SIGN_STYLE = Automatic;
				INFOPLIST_FILE = WeatherRequest/Info.plist;
				LD_RUNPATH_SEARCH_PATHS = (
					"$(inherited)",
					"@executable_path/Frameworks",
				);
				PRODUCT_BUNDLE_IDENTIFIER = AM.WeatherRequest;
				PRODUCT_NAME = "$(TARGET_NAME)";
				SWIFT_VERSION = 5.0;
				TARGETED_DEVICE_FAMILY = "1,2";
			};
			name = Debug;
		};
		FA47C602245C7E6600399305 /* Release */ = {
			isa = XCBuildConfiguration;
			buildSettings = {
				ASSETCATALOG_COMPILER_APPICON_NAME = AppIcon;
				CODE_SIGN_STYLE = Automatic;
				INFOPLIST_FILE = WeatherRequest/Info.plist;
				LD_RUNPATH_SEARCH_PATHS = (
					"$(inherited)",
					"@executable_path/Frameworks",
				);
				PRODUCT_BUNDLE_IDENTIFIER = AM.WeatherRequest;
				PRODUCT_NAME = "$(TARGET_NAME)";
				SWIFT_VERSION = 5.0;
				TARGETED_DEVICE_FAMILY = "1,2";
			};
			name = Release;
		};
/* End XCBuildConfiguration section */

/* Begin XCConfigurationList section */
		FA47C5E7245C7E6500399305 /* Build configuration list for PBXProject "WeatherRequest" */ = {
			isa = XCConfigurationList;
			buildConfigurations = (
				FA47C5FE245C7E6600399305 /* Debug */,
				FA47C5FF245C7E6600399305 /* Release */,
			);
			defaultConfigurationIsVisible = 0;
			defaultConfigurationName = Release;
		};
		FA47C600245C7E6600399305 /* Build configuration list for PBXNativeTarget "WeatherRequest" */ = {
			isa = XCConfigurationList;
			buildConfigurations = (
				FA47C601245C7E6600399305 /* Debug */,
				FA47C602245C7E6600399305 /* Release */,
			);
			defaultConfigurationIsVisible = 0;
			defaultConfigurationName = Release;
		};
/* End XCConfigurationList section */
	};
	rootObject = FA47C5E4245C7E6500399305 /* Project object */;
}
